
Microsoft Visual Studio Solution File, Format Version 12.00
# Visual Studio Version 17
VisualStudioVersion = 17.10.35027.167
MinimumVisualStudioVersion = 10.0.40219.1
Project("{9A19103F-16F7-4668-BE54-9A1E7A4F7556}") = "SocialMedia.Core", "SocialMedia.Core\SocialMedia.Core.csproj", "{D1548EF1-AB44-4B8C-A680-6F0D3ADE6379}"
EndProject
Project("{9A19103F-16F7-4668-BE54-9A1E7A4F7556}") = "SocialMedia.DataAccess", "SocialMedia.DataAccess\SocialMedia.DataAccess.csproj", "{B7BE5B62-3655-494C-9BD9-09E290986D71}"
EndProject
Project("{9A19103F-16F7-4668-BE54-9A1E7A4F7556}") = "SocialMedia.Entities", "SocialMedia.Entities\SocialMedia.Entities.csproj", "{A6ABE76E-C8F5-4239-A39F-2B57974C9A82}"
EndProject
Project("{9A19103F-16F7-4668-BE54-9A1E7A4F7556}") = "SocialMedia.Business", "SocialMedia.Business\SocialMedia.Business.csproj", "{1740A84A-F8CD-4956-AA74-62FBE25F24A8}"
EndProject
Project("{FAE04EC0-301F-11D3-BF4B-00C04F79EFBC}") = "SocialMedia.WebUI", "SocialMedia.WebUI\SocialMedia.WebUI.csproj", "{DB66EC5A-8FB3-4465-9990-CE37334E3A9E}"
EndProject
Global
	GlobalSection(SolutionConfigurationPlatforms) = preSolution
		Debug|Any CPU = Debug|Any CPU
		Release|Any CPU = Release|Any CPU
	EndGlobalSection
	GlobalSection(ProjectConfigurationPlatforms) = postSolution
		{D1548EF1-AB44-4B8C-A680-6F0D3ADE6379}.Debug|Any CPU.ActiveCfg = Debug|Any CPU
		{D1548EF1-AB44-4B8C-A680-6F0D3ADE6379}.Debug|Any CPU.Build.0 = Debug|Any CPU
		{D1548EF1-AB44-4B8C-A680-6F0D3ADE6379}.Release|Any CPU.ActiveCfg = Release|Any CPU
		{D1548EF1-AB44-4B8C-A680-6F0D3ADE6379}.Release|Any CPU.Build.0 = Release|Any CPU
		{B7BE5B62-3655-494C-9BD9-09E290986D71}.Debug|Any CPU.ActiveCfg = Debug|Any CPU
		{B7BE5B62-3655-494C-9BD9-09E290986D71}.Debug|Any CPU.Build.0 = Debug|Any CPU
		{B7BE5B62-3655-494C-9BD9-09E290986D71}.Release|Any CPU.ActiveCfg = Release|Any CPU
		{B7BE5B62-3655-494C-9BD9-09E290986D71}.Release|Any CPU.Build.0 = Release|Any CPU
		{A6ABE76E-C8F5-4239-A39F-2B57974C9A82}.Debug|Any CPU.ActiveCfg = Debug|Any CPU
		{A6ABE76E-C8F5-4239-A39F-2B57974C9A82}.Debug|Any CPU.Build.0 = Debug|Any CPU
		{A6ABE76E-C8F5-4239-A39F-2B57974C9A82}.Release|Any CPU.ActiveCfg = Release|Any CPU
		{A6ABE76E-C8F5-4239-A39F-2B57974C9A82}.Release|Any CPU.Build.0 = Release|Any CPU
		{1740A84A-F8CD-4956-AA74-62FBE25F24A8}.Debug|Any CPU.ActiveCfg = Debug|Any CPU
		{1740A84A-F8CD-4956-AA74-62FBE25F24A8}.Debug|Any CPU.Build.0 = Debug|Any CPU
		{1740A84A-F8CD-4956-AA74-62FBE25F24A8}.Release|Any CPU.ActiveCfg = Release|Any CPU
		{1740A84A-F8CD-4956-AA74-62FBE25F24A8}.Release|Any CPU.Build.0 = Release|Any CPU
		{DB66EC5A-8FB3-4465-9990-CE37334E3A9E}.Debug|Any CPU.ActiveCfg = Debug|Any CPU
		{DB66EC5A-8FB3-4465-9990-CE37334E3A9E}.Debug|Any CPU.Build.0 = Debug|Any CPU
		{DB66EC5A-8FB3-4465-9990-CE37334E3A9E}.Release|Any CPU.ActiveCfg = Release|Any CPU
		{DB66EC5A-8FB3-4465-9990-CE37334E3A9E}.Release|Any CPU.Build.0 = Release|Any CPU
	EndGlobalSection
	GlobalSection(SolutionProperties) = preSolution
		HideSolutionNode = FALSE
	EndGlobalSection
	GlobalSection(ExtensibilityGlobals) = postSolution
		SolutionGuid = {0E0EA534-489D-4B14-8F11-C191DF182E4B}
	EndGlobalSection
EndGlobal
